// !$*UTF8*$!
{
	archiveVersion = 1;
	classes = {
	};
	objectVersion = 77;
	objects = {

/* Begin PBXContainerItemProxy section */
		B9D0804C2DB6B9C90069A915 /* PBXContainerItemProxy */ = {
			isa = PBXContainerItemProxy;
			containerPortal = B9D0802D2DB6B9C80069A915 /* Project object */;
			proxyType = 1;
			remoteGlobalIDString = B9D080342DB6B9C80069A915;
			remoteInfo = DIExampleCoordinator;
		};
		B9D080562DB6B9C90069A915 /* PBXContainerItemProxy */ = {
			isa = PBXContainerItemProxy;
			containerPortal = B9D0802D2DB6B9C80069A915 /* Project object */;
			proxyType = 1;
			remoteGlobalIDString = B9D080342DB6B9C80069A915;
			remoteInfo = DIExampleCoordinator;
		};
/* End PBXContainerItemProxy section */

/* Begin PBXFileReference section */
		B9D080352DB6B9C80069A915 /* DIExampleCoordinator.app */ = {isa = PBXFileReference; explicitFileType = wrapper.application; includeInIndex = 0; path = DIExampleCoordinator.app; sourceTree = BUILT_PRODUCTS_DIR; };
		B9D0804B2DB6B9C90069A915 /* DIExampleCoordinatorTests.xctest */ = {isa = PBXFileReference; explicitFileType = wrapper.cfbundle; includeInIndex = 0; path = DIExampleCoordinatorTests.xctest; sourceTree = BUILT_PRODUCTS_DIR; };
		B9D080552DB6B9C90069A915 /* DIExampleCoordinatorUITests.xctest */ = {isa = PBXFileReference; explicitFileType = wrapper.cfbundle; includeInIndex = 0; path = DIExampleCoordinatorUITests.xctest; sourceTree = BUILT_PRODUCTS_DIR; };
/* End PBXFileReference section */

/* Begin PBXFileSystemSynchronizedBuildFileExceptionSet section */
		B9D0805D2DB6B9C90069A915 /* Exceptions for "DIExampleCoordinator" folder in "DIExampleCoordinator" target */ = {
			isa = PBXFileSystemSynchronizedBuildFileExceptionSet;
			membershipExceptions = (
				Info.plist,
			);
			target = B9D080342DB6B9C80069A915 /* DIExampleCoordinator */;
		};
/* End PBXFileSystemSynchronizedBuildFileExceptionSet section */

/* Begin PBXFileSystemSynchronizedRootGroup section */
		B9D080372DB6B9C80069A915 /* DIExampleCoordinator */ = {
			isa = PBXFileSystemSynchronizedRootGroup;
			exceptions = (
				B9D0805D2DB6B9C90069A915 /* Exceptions for "DIExampleCoordinator" folder in "DIExampleCoordinator" target */,
			);
			path = DIExampleCoordinator;
			sourceTree = "<group>";
		};
		B9D0804E2DB6B9C90069A915 /* DIExampleCoordinatorTests */ = {
			isa = PBXFileSystemSynchronizedRootGroup;
			path = DIExampleCoordinatorTests;
			sourceTree = "<group>";
		};
		B9D080582DB6B9C90069A915 /* DIExampleCoordinatorUITests */ = {
			isa = PBXFileSystemSynchronizedRootGroup;
			path = DIExampleCoordinatorUITests;
			sourceTree = "<group>";
		};
/* End PBXFileSystemSynchronizedRootGroup section */

/* Begin PBXFrameworksBuildPhase section */
		B9D080322DB6B9C80069A915 /* Frameworks */ = {
			isa = PBXFrameworksBuildPhase;
			buildActionMask = 2147483647;
			files = (
			);
			runOnlyForDeploymentPostprocessing = 0;
		};
		B9D080482DB6B9C90069A915 /* Frameworks */ = {
			isa = PBXFrameworksBuildPhase;
			buildActionMask = 2147483647;
			files = (
			);
			runOnlyForDeploymentPostprocessing = 0;
		};
		B9D080522DB6B9C90069A915 /* Frameworks */ = {
			isa = PBXFrameworksBuildPhase;
			buildActionMask = 2147483647;
			files = (
			);
			runOnlyForDeploymentPostprocessing = 0;
		};
/* End PBXFrameworksBuildPhase section */

/* Begin PBXGroup section */
		B9D0802C2DB6B9C70069A915 = {
			isa = PBXGroup;
			children = (
				B9D080372DB6B9C80069A915 /* DIExampleCoordinator */,
				B9D0804E2DB6B9C90069A915 /* DIExampleCoordinatorTests */,
				B9D080582DB6B9C90069A915 /* DIExampleCoordinatorUITests */,
				B9D080362DB6B9C80069A915 /* Products */,
			);
			sourceTree = "<group>";
		};
		B9D080362DB6B9C80069A915 /* Products */ = {
			isa = PBXGroup;
			children = (
				B9D080352DB6B9C80069A915 /* DIExampleCoordinator.app */,
				B9D0804B2DB6B9C90069A915 /* DIExampleCoordinatorTests.xctest */,
				B9D080552DB6B9C90069A915 /* DIExampleCoordinatorUITests.xctest */,
			);
			name = Products;
			sourceTree = "<group>";
		};
/* End PBXGroup section */

/* Begin PBXNativeTarget section */
		B9D080342DB6B9C80069A915 /* DIExampleCoordinator */ = {
			isa = PBXNativeTarget;
			buildConfigurationList = B9D0805E2DB6B9C90069A915 /* Build configuration list for PBXNativeTarget "DIExampleCoordinator" */;
			buildPhases = (
				B9D080312DB6B9C80069A915 /* Sources */,
				B9D080322DB6B9C80069A915 /* Frameworks */,
				B9D080332DB6B9C80069A915 /* Resources */,
			);
			buildRules = (
			);
			dependencies = (
			);
			fileSystemSynchronizedGroups = (
				B9D080372DB6B9C80069A915 /* DIExampleCoordinator */,
			);
			name = DIExampleCoordinator;
			packageProductDependencies = (
			);
			productName = DIExampleCoordinator;
			productReference = B9D080352DB6B9C80069A915 /* DIExampleCoordinator.app */;
			productType = "com.apple.product-type.application";
		};
		B9D0804A2DB6B9C90069A915 /* DIExampleCoordinatorTests */ = {
			isa = PBXNativeTarget;
			buildConfigurationList = B9D080632DB6B9C90069A915 /* Build configuration list for PBXNativeTarget "DIExampleCoordinatorTests" */;
			buildPhases = (
				B9D080472DB6B9C90069A915 /* Sources */,
				B9D080482DB6B9C90069A915 /* Frameworks */,
				B9D080492DB6B9C90069A915 /* Resources */,
			);
			buildRules = (
			);
			dependencies = (
				B9D0804D2DB6B9C90069A915 /* PBXTargetDependency */,
			);
			fileSystemSynchronizedGroups = (
				B9D0804E2DB6B9C90069A915 /* DIExampleCoordinatorTests */,
			);
			name = DIExampleCoordinatorTests;
			packageProductDependencies = (
			);
			productName = DIExampleCoordinatorTests;
			productReference = B9D0804B2DB6B9C90069A915 /* DIExampleCoordinatorTests.xctest */;
			productType = "com.apple.product-type.bundle.unit-test";
		};
		B9D080542DB6B9C90069A915 /* DIExampleCoordinatorUITests */ = {
			isa = PBXNativeTarget;
			buildConfigurationList = B9D080662DB6B9C90069A915 /* Build configuration list for PBXNativeTarget "DIExampleCoordinatorUITests" */;
			buildPhases = (
				B9D080512DB6B9C90069A915 /* Sources */,
				B9D080522DB6B9C90069A915 /* Frameworks */,
				B9D080532DB6B9C90069A915 /* Resources */,
			);
			buildRules = (
			);
			dependencies = (
				B9D080572DB6B9C90069A915 /* PBXTargetDependency */,
			);
			fileSystemSynchronizedGroups = (
				B9D080582DB6B9C90069A915 /* DIExampleCoordinatorUITests */,
			);
			name = DIExampleCoordinatorUITests;
			packageProductDependencies = (
			);
			productName = DIExampleCoordinatorUITests;
			productReference = B9D080552DB6B9C90069A915 /* DIExampleCoordinatorUITests.xctest */;
			productType = "com.apple.product-type.bundle.ui-testing";
		};
/* End PBXNativeTarget section */

/* Begin PBXProject section */
		B9D0802D2DB6B9C80069A915 /* Project object */ = {
			isa = PBXProject;
			attributes = {
				BuildIndependentTargetsInParallel = 1;
				LastSwiftUpdateCheck = 1620;
				LastUpgradeCheck = 1620;
				TargetAttributes = {
					B9D080342DB6B9C80069A915 = {
						CreatedOnToolsVersion = 16.2;
					};
					B9D0804A2DB6B9C90069A915 = {
						CreatedOnToolsVersion = 16.2;
						TestTargetID = B9D080342DB6B9C80069A915;
					};
					B9D080542DB6B9C90069A915 = {
						CreatedOnToolsVersion = 16.2;
						TestTargetID = B9D080342DB6B9C80069A915;
					};
				};
			};
			buildConfigurationList = B9D080302DB6B9C80069A915 /* Build configuration list for PBXProject "DIExampleCoordinator" */;
			developmentRegion = en;
			hasScannedForEncodings = 0;
			knownRegions = (
				en,
				Base,
			);
			mainGroup = B9D0802C2DB6B9C70069A915;
			minimizedProjectReferenceProxies = 1;
			preferredProjectObjectVersion = 77;
			productRefGroup = B9D080362DB6B9C80069A915 /* Products */;
			projectDirPath = "";
			projectRoot = "";
			targets = (
				B9D080342DB6B9C80069A915 /* DIExampleCoordinator */,
				B9D0804A2DB6B9C90069A915 /* DIExampleCoordinatorTests */,
				B9D080542DB6B9C90069A915 /* DIExampleCoordinatorUITests */,
			);
		};
/* End PBXProject section */

/* Begin PBXResourcesBuildPhase section */
		B9D080332DB6B9C80069A915 /* Resources */ = {
			isa = PBXResourcesBuildPhase;
			buildActionMask = 2147483647;
			files = (
			);
			runOnlyForDeploymentPostprocessing = 0;
		};
		B9D080492DB6B9C90069A915 /* Resources */ = {
			isa = PBXResourcesBuildPhase;
			buildActionMask = 2147483647;
			files = (
			);
			runOnlyForDeploymentPostprocessing = 0;
		};
		B9D080532DB6B9C90069A915 /* Resources */ = {
			isa = PBXResourcesBuildPhase;
			buildActionMask = 2147483647;
			files = (
			);
			runOnlyForDeploymentPostprocessing = 0;
		};
/* End PBXResourcesBuildPhase section */

/* Begin PBXSourcesBuildPhase section */
		B9D080312DB6B9C80069A915 /* Sources */ = {
			isa = PBXSourcesBuildPhase;
			buildActionMask = 2147483647;
			files = (
			);
			runOnlyForDeploymentPostprocessing = 0;
		};
		B9D080472DB6B9C90069A915 /* Sources */ = {
			isa = PBXSourcesBuildPhase;
			buildActionMask = 2147483647;
			files = (
			);
			runOnlyForDeploymentPostprocessing = 0;
		};
		B9D080512DB6B9C90069A915 /* Sources */ = {
			isa = PBXSourcesBuildPhase;
			buildActionMask = 2147483647;
			files = (
			);
			runOnlyForDeploymentPostprocessing = 0;
		};
/* End PBXSourcesBuildPhase section */

/* Begin PBXTargetDependency section */
		B9D0804D2DB6B9C90069A915 /* PBXTargetDependency */ = {
			isa = PBXTargetDependency;
			target = B9D080342DB6B9C80069A915 /* DIExampleCoordinator */;
			targetProxy = B9D0804C2DB6B9C90069A915 /* PBXContainerItemProxy */;
		};
		B9D080572DB6B9C90069A915 /* PBXTargetDependency */ = {
			isa = PBXTargetDependency;
			target = B9D080342DB6B9C80069A915 /* DIExampleCoordinator */;
			targetProxy = B9D080562DB6B9C90069A915 /* PBXContainerItemProxy */;
		};
/* End PBXTargetDependency section */

/* Begin XCBuildConfiguration section */
		B9D0805F2DB6B9C90069A915 /* Debug */ = {
			isa = XCBuildConfiguration;
			buildSettings = {
				ASSETCATALOG_COMPILER_APPICON_NAME = AppIcon;
				ASSETCATALOG_COMPILER_GLOBAL_ACCENT_COLOR_NAME = AccentColor;
				CODE_SIGN_STYLE = Automatic;
				CURRENT_PROJECT_VERSION = 1;
				DEVELOPMENT_TEAM = N3LH8LX9VD;
				GENERATE_INFOPLIST_FILE = YES;
				INFOPLIST_FILE = DIExampleCoordinator/Info.plist;
				INFOPLIST_KEY_UIApplicationSupportsIndirectInputEvents = YES;
				INFOPLIST_KEY_UILaunchStoryboardName = LaunchScreen;
				INFOPLIST_KEY_UIMainStoryboardFile = Main;
				INFOPLIST_KEY_UISupportedInterfaceOrientations_iPad = "UIInterfaceOrientationPortrait UIInterfaceOrientationPortraitUpsideDown UIInterfaceOrientationLandscapeLeft UIInterfaceOrientationLandscapeRight";
				INFOPLIST_KEY_UISupportedInterfaceOrientations_iPhone = "UIInterfaceOrientationPortrait UIInterfaceOrientationLandscapeLeft UIInterfaceOrientationLandscapeRight";
				LD_RUNPATH_SEARCH_PATHS = (
					"$(inherited)",
					"@executable_path/Frameworks",
				);
				MARKETING_VERSION = 1.0;
				PRODUCT_BUNDLE_IDENTIFIER = com.melissagulgund.DIExampleCoordinator;
				PRODUCT_NAME = "$(TARGET_NAME)";
				SWIFT_EMIT_LOC_STRINGS = YES;
				SWIFT_VERSION = 5.0;
				TARGETED_DEVICE_FAMILY = "1,2";
			};
			name = Debug;
		};
		B9D080602DB6B9C90069A915 /* Release */ = {
			isa = XCBuildConfiguration;
			buildSettings = {
				ASSETCATALOG_COMPILER_APPICON_NAME = AppIcon;
				ASSETCATALOG_COMPILER_GLOBAL_ACCENT_COLOR_NAME = AccentColor;
				CODE_SIGN_STYLE = Automatic;
				CURRENT_PROJECT_VERSION = 1;
				DEVELOPMENT_TEAM = N3LH8LX9VD;
				GENERATE_INFOPLIST_FILE = YES;
				INFOPLIST_FILE = DIExampleCoordinator/Info.plist;
				INFOPLIST_KEY_UIApplicationSupportsIndirectInputEvents = YES;
				INFOPLIST_KEY_UILaunchStoryboardName = LaunchScreen;
				INFOPLIST_KEY_UIMainStoryboardFile = Main;
				INFOPLIST_KEY_UISupportedInterfaceOrientations_iPad = "UIInterfaceOrientationPortrait UIInterfaceOrientationPortraitUpsideDown UIInterfaceOrientationLandscapeLeft UIInterfaceOrientationLandscapeRight";
				INFOPLIST_KEY_UISupportedInterfaceOrientations_iPhone = "UIInterfaceOrientationPortrait UIInterfaceOrientationLandscapeLeft UIInterfaceOrientationLandscapeRight";
				LD_RUNPATH_SEARCH_PATHS = (
					"$(inherited)",
					"@executable_path/Frameworks",
				);
				MARKETING_VERSION = 1.0;
				PRODUCT_BUNDLE_IDENTIFIER = com.melissagulgund.DIExampleCoordinator;
				PRODUCT_NAME = "$(TARGET_NAME)";
				SWIFT_EMIT_LOC_STRINGS = YES;
				SWIFT_VERSION = 5.0;
				TARGETED_DEVICE_FAMILY = "1,2";
			};
			name = Release;
		};
		B9D080612DB6B9C90069A915 /* Debug */ = {
			isa = XCBuildConfiguration;
			buildSettings = {
				ALWAYS_SEARCH_USER_PATHS = NO;
				ASSETCATALOG_COMPILER_GENERATE_SWIFT_ASSET_SYMBOL_EXTENSIONS = YES;
				CLANG_ANALYZER_NONNULL = YES;
				CLANG_ANALYZER_NUMBER_OBJECT_CONVERSION = YES_AGGRESSIVE;
				CLANG_CXX_LANGUAGE_STANDARD = "gnu++20";
				CLANG_ENABLE_MODULES = YES;
				CLANG_ENABLE_OBJC_ARC = YES;
				CLANG_ENABLE_OBJC_WEAK = YES;
				CLANG_WARN_BLOCK_CAPTURE_AUTORELEASING = YES;
				CLANG_WARN_BOOL_CONVERSION = YES;
				CLANG_WARN_COMMA = YES;
				CLANG_WARN_CONSTANT_CONVERSION = YES;
				CLANG_WARN_DEPRECATED_OBJC_IMPLEMENTATIONS = YES;
				CLANG_WARN_DIRECT_OBJC_ISA_USAGE = YES_ERROR;
				CLANG_WARN_DOCUMENTATION_COMMENTS = YES;
				CLANG_WARN_EMPTY_BODY = YES;
				CLANG_WARN_ENUM_CONVERSION = YES;
				CLANG_WARN_INFINITE_RECURSION = YES;
				CLANG_WARN_INT_CONVERSION = YES;
				CLANG_WARN_NON_LITERAL_NULL_CONVERSION = YES;
				CLANG_WARN_OBJC_IMPLICIT_RETAIN_SELF = YES;
				CLANG_WARN_OBJC_LITERAL_CONVERSION = YES;
				CLANG_WARN_OBJC_ROOT_CLASS = YES_ERROR;
				CLANG_WARN_QUOTED_INCLUDE_IN_FRAMEWORK_HEADER = YES;
				CLANG_WARN_RANGE_LOOP_ANALYSIS = YES;
				CLANG_WARN_STRICT_PROTOTYPES = YES;
				CLANG_WARN_SUSPICIOUS_MOVE = YES;
				CLANG_WARN_UNGUARDED_AVAILABILITY = YES_AGGRESSIVE;
				CLANG_WARN_UNREACHABLE_CODE = YES;
				CLANG_WARN__DUPLICATE_METHOD_MATCH = YES;
				COPY_PHASE_STRIP = NO;
				DEBUG_INFORMATION_FORMAT = dwarf;
				ENABLE_STRICT_OBJC_MSGSEND = YES;
				ENABLE_TESTABILITY = YES;
				ENABLE_USER_SCRIPT_SANDBOXING = YES;
				GCC_C_LANGUAGE_STANDARD = gnu17;
				GCC_DYNAMIC_NO_PIC = NO;
				GCC_NO_COMMON_BLOCKS = YES;
				GCC_OPTIMIZATION_LEVEL = 0;
				GCC_PREPROCESSOR_DEFINITIONS = (
					"DEBUG=1",
					"$(inherited)",
				);
				GCC_WARN_64_TO_32_BIT_CONVERSION = YES;
				GCC_WARN_ABOUT_RETURN_TYPE = YES_ERROR;
				GCC_WARN_UNDECLARED_SELECTOR = YES;
				GCC_WARN_UNINITIALIZED_AUTOS = YES_AGGRESSIVE;
				GCC_WARN_UNUSED_FUNCTION = YES;
				GCC_WARN_UNUSED_VARIABLE = YES;
				IPHONEOS_DEPLOYMENT_TARGET = 18.2;
				LOCALIZATION_PREFERS_STRING_CATALOGS = YES;
				MTL_ENABLE_DEBUG_INFO = INCLUDE_SOURCE;
				MTL_FAST_MATH = YES;
				ONLY_ACTIVE_ARCH = YES;
				SDKROOT = iphoneos;
				SWIFT_ACTIVE_COMPILATION_CONDITIONS = "DEBUG $(inherited)";
				SWIFT_OPTIMIZATION_LEVEL = "-Onone";
			};
			name = Debug;
		};
		B9D080622DB6B9C90069A915 /* Release */ = {
			isa = XCBuildConfiguration;
			buildSettings = {
				ALWAYS_SEARCH_USER_PATHS = NO;
				ASSETCATALOG_COMPILER_GENERATE_SWIFT_ASSET_SYMBOL_EXTENSIONS = YES;
				CLANG_ANALYZER_NONNULL = YES;
				CLANG_ANALYZER_NUMBER_OBJECT_CONVERSION = YES_AGGRESSIVE;
				CLANG_CXX_LANGUAGE_STANDARD = "gnu++20";
				CLANG_ENABLE_MODULES = YES;
				CLANG_ENABLE_OBJC_ARC = YES;
				CLANG_ENABLE_OBJC_WEAK = YES;
				CLANG_WARN_BLOCK_CAPTURE_AUTORELEASING = YES;
				CLANG_WARN_BOOL_CONVERSION = YES;
				CLANG_WARN_COMMA = YES;
				CLANG_WARN_CONSTANT_CONVERSION = YES;
				CLANG_WARN_DEPRECATED_OBJC_IMPLEMENTATIONS = YES;
				CLANG_WARN_DIRECT_OBJC_ISA_USAGE = YES_ERROR;
				CLANG_WARN_DOCUMENTATION_COMMENTS = YES;
				CLANG_WARN_EMPTY_BODY = YES;
				CLANG_WARN_ENUM_CONVERSION = YES;
				CLANG_WARN_INFINITE_RECURSION = YES;
				CLANG_WARN_INT_CONVERSION = YES;
				CLANG_WARN_NON_LITERAL_NULL_CONVERSION = YES;
				CLANG_WARN_OBJC_IMPLICIT_RETAIN_SELF = YES;
				CLANG_WARN_OBJC_LITERAL_CONVERSION = YES;
				CLANG_WARN_OBJC_ROOT_CLASS = YES_ERROR;
				CLANG_WARN_QUOTED_INCLUDE_IN_FRAMEWORK_HEADER = YES;
				CLANG_WARN_RANGE_LOOP_ANALYSIS = YES;
				CLANG_WARN_STRICT_PROTOTYPES = YES;
				CLANG_WARN_SUSPICIOUS_MOVE = YES;
				CLANG_WARN_UNGUARDED_AVAILABILITY = YES_AGGRESSIVE;
				CLANG_WARN_UNREACHABLE_CODE = YES;
				CLANG_WARN__DUPLICATE_METHOD_MATCH = YES;
				COPY_PHASE_STRIP = NO;
				DEBUG_INFORMATION_FORMAT = "dwarf-with-dsym";
				ENABLE_NS_ASSERTIONS = NO;
				ENABLE_STRICT_OBJC_MSGSEND = YES;
				ENABLE_USER_SCRIPT_SANDBOXING = YES;
				GCC_C_LANGUAGE_STANDARD = gnu17;
				GCC_NO_COMMON_BLOCKS = YES;
				GCC_WARN_64_TO_32_BIT_CONVERSION = YES;
				GCC_WARN_ABOUT_RETURN_TYPE = YES_ERROR;
				GCC_WARN_UNDECLARED_SELECTOR = YES;
				GCC_WARN_UNINITIALIZED_AUTOS = YES_AGGRESSIVE;
				GCC_WARN_UNUSED_FUNCTION = YES;
				GCC_WARN_UNUSED_VARIABLE = YES;
				IPHONEOS_DEPLOYMENT_TARGET = 18.2;
				LOCALIZATION_PREFERS_STRING_CATALOGS = YES;
				MTL_ENABLE_DEBUG_INFO = NO;
				MTL_FAST_MATH = YES;
				SDKROOT = iphoneos;
				SWIFT_COMPILATION_MODE = wholemodule;
				VALIDATE_PRODUCT = YES;
			};
			name = Release;
		};
		B9D080642DB6B9C90069A915 /* Debug */ = {
			isa = XCBuildConfiguration;
			buildSettings = {
				BUNDLE_LOADER = "$(TEST_HOST)";
				CODE_SIGN_STYLE = Automatic;
				CURRENT_PROJECT_VERSION = 1;
				DEVELOPMENT_TEAM = N3LH8LX9VD;
				GENERATE_INFOPLIST_FILE = YES;
				IPHONEOS_DEPLOYMENT_TARGET = 18.2;
				MARKETING_VERSION = 1.0;
				PRODUCT_BUNDLE_IDENTIFIER = com.melissagulgund.DIExampleCoordinatorTests;
				PRODUCT_NAME = "$(TARGET_NAME)";
				SWIFT_EMIT_LOC_STRINGS = NO;
				SWIFT_VERSION = 5.0;
				TARGETED_DEVICE_FAMILY = "1,2";
				TEST_HOST = "$(BUILT_PRODUCTS_DIR)/DIExampleCoordinator.app/$(BUNDLE_EXECUTABLE_FOLDER_PATH)/DIExampleCoordinator";
			};
			name = Debug;
		};
		B9D080652DB6B9C90069A915 /* Release */ = {
			isa = XCBuildConfiguration;
			buildSettings = {
				BUNDLE_LOADER = "$(TEST_HOST)";
				CODE_SIGN_STYLE = Automatic;
				CURRENT_PROJECT_VERSION = 1;
				DEVELOPMENT_TEAM = N3LH8LX9VD;
				GENERATE_INFOPLIST_FILE = YES;
				IPHONEOS_DEPLOYMENT_TARGET = 18.2;
				MARKETING_VERSION = 1.0;
				PRODUCT_BUNDLE_IDENTIFIER = com.melissagulgund.DIExampleCoordinatorTests;
				PRODUCT_NAME = "$(TARGET_NAME)";
				SWIFT_EMIT_LOC_STRINGS = NO;
				SWIFT_VERSION = 5.0;
				TARGETED_DEVICE_FAMILY = "1,2";
				TEST_HOST = "$(BUILT_PRODUCTS_DIR)/DIExampleCoordinator.app/$(BUNDLE_EXECUTABLE_FOLDER_PATH)/DIExampleCoordinator";
			};
			name = Release;
		};
		B9D080672DB6B9C90069A915 /* Debug */ = {
			isa = XCBuildConfiguration;
			buildSettings = {
				CODE_SIGN_STYLE = Automatic;
				CURRENT_PROJECT_VERSION = 1;
				DEVELOPMENT_TEAM = N3LH8LX9VD;
				GENERATE_INFOPLIST_FILE = YES;
				MARKETING_VERSION = 1.0;
				PRODUCT_BUNDLE_IDENTIFIER = com.melissagulgund.DIExampleCoordinatorUITests;
				PRODUCT_NAME = "$(TARGET_NAME)";
				SWIFT_EMIT_LOC_STRINGS = NO;
				SWIFT_VERSION = 5.0;
				TARGETED_DEVICE_FAMILY = "1,2";
				TEST_TARGET_NAME = DIExampleCoordinator;
			};
			name = Debug;
		};
		B9D080682DB6B9C90069A915 /* Release */ = {
			isa = XCBuildConfiguration;
			buildSettings = {
				CODE_SIGN_STYLE = Automatic;
				CURRENT_PROJECT_VERSION = 1;
				DEVELOPMENT_TEAM = N3LH8LX9VD;
				GENERATE_INFOPLIST_FILE = YES;
				MARKETING_VERSION = 1.0;
				PRODUCT_BUNDLE_IDENTIFIER = com.melissagulgund.DIExampleCoordinatorUITests;
				PRODUCT_NAME = "$(TARGET_NAME)";
				SWIFT_EMIT_LOC_STRINGS = NO;
				SWIFT_VERSION = 5.0;
				TARGETED_DEVICE_FAMILY = "1,2";
				TEST_TARGET_NAME = DIExampleCoordinator;
			};
			name = Release;
		};
/* End XCBuildConfiguration section */

/* Begin XCConfigurationList section */
		B9D080302DB6B9C80069A915 /* Build configuration list for PBXProject "DIExampleCoordinator" */ = {
			isa = XCConfigurationList;
			buildConfigurations = (
				B9D080612DB6B9C90069A915 /* Debug */,
				B9D080622DB6B9C90069A915 /* Release */,
			);
			defaultConfigurationIsVisible = 0;
			defaultConfigurationName = Release;
		};
		B9D0805E2DB6B9C90069A915 /* Build configuration list for PBXNativeTarget "DIExampleCoordinator" */ = {
			isa = XCConfigurationList;
			buildConfigurations = (
				B9D0805F2DB6B9C90069A915 /* Debug */,
				B9D080602DB6B9C90069A915 /* Release */,
			);
			defaultConfigurationIsVisible = 0;
			defaultConfigurationName = Release;
		};
		B9D080632DB6B9C90069A915 /* Build configuration list for PBXNativeTarget "DIExampleCoordinatorTests" */ = {
			isa = XCConfigurationList;
			buildConfigurations = (
				B9D080642DB6B9C90069A915 /* Debug */,
				B9D080652DB6B9C90069A915 /* Release */,
			);
			defaultConfigurationIsVisible = 0;
			defaultConfigurationName = Release;
		};
		B9D080662DB6B9C90069A915 /* Build configuration list for PBXNativeTarget "DIExampleCoordinatorUITests" */ = {
			isa = XCConfigurationList;
			buildConfigurations = (
				B9D080672DB6B9C90069A915 /* Debug */,
				B9D080682DB6B9C90069A915 /* Release */,
			);
			defaultConfigurationIsVisible = 0;
			defaultConfigurationName = Release;
		};
/* End XCConfigurationList section */
	};
	rootObject = B9D0802D2DB6B9C80069A915 /* Project object */;
}
